
Microsoft Visual Studio Solution File, Format Version 12.00
# Visual Studio Solution skeleton (open in VS 2022/2025)
Project("{FAE04EC0-301F-11D3-BF4B-00C04F79EFBC}") = "Imperium.AppHost", "src/Imperium.AppHost/Imperium.AppHost.csproj", "{B2E2827E-0001-4C66-9F2A-APPH-057000000001}"
EndProject
Project("{FAE04EC0-301F-11D3-BF4B-00C04F79EFBC}") = "Imperium.ServiceDefaults", "src/Imperium.ServiceDefaults/Imperium.ServiceDefaults.csproj", "{B2E2827E-0001-4C66-9F2A-SRVD-057000000002}"
EndProject
Project("{FAE04EC0-301F-11D3-BF4B-00C04F79EFBC}") = "Imperium.Api", "src/Imperium.Api/Imperium.Api.csproj", "{B2E2827E-0001-4C66-9F2A-API0-057000000003}"
EndProject
Project("{FAE04EC0-301F-11D3-BF4B-00C04F79EFBC}") = "Imperium.Domain", "src/Imperium.Domain/Imperium.Domain.csproj", "{B2E2827E-0001-4C66-9F2A-DOM0-057000000004}"
EndProject
Project("{FAE04EC0-301F-11D3-BF4B-00C04F79EFBC}") = "Imperium.Infrastructure", "src/Imperium.Infrastructure/Imperium.Infrastructure.csproj", "{B2E2827E-0001-4C66-9F2A-INFR-057000000005}"
EndProject
Project("{FAE04EC0-301F-11D3-BF4B-00C04F79EFBC}") = "Imperium.Llm", "src/Imperium.Llm/Imperium.Llm.csproj", "{B2E2827E-0001-4C66-9F2A-LLM0-057000000006}"
EndProject
Global
    GlobalSection(SolutionConfigurationPlatforms) = preSolution
        Debug|Any CPU = Debug|Any CPU
        Release|Any CPU = Release|Any CPU
    EndGlobalSection
    GlobalSection(ProjectConfigurationPlatforms) = postSolution
    EndGlobalSection
EndGlobal
